PODS:
  - RobokassaSDK (1.0.0)

DEPENDENCIES:
  - RobokassaSDK (from `https://github.com/robokassa/sdk-ios.git`, branch `main`)

EXTERNAL SOURCES:
  RobokassaSDK:
    :branch: main
    :git: https://github.com/robokassa/sdk-ios.git

CHECKOUT OPTIONS:
  RobokassaSDK:
    :commit: 3567c44efc64781fb0931cbc25c22212c03e9f4f
    :git: https://github.com/robokassa/sdk-ios.git

SPEC CHECKSUMS:
  RobokassaSDK: 800d6e6f81bde77512abae36ef7a963fc5988848

PODFILE CHECKSUM: f229ae0b8c49ea6037bc7f70bbfff3ef21fc742f

COCOAPODS: 1.16.2
