PODS:
  - RobokassaSDK (1.0.0)

DEPENDENCIES:
  - RobokassaSDK (from `https://github.com/madjios/RobokassaSDK.git`, tag `1.0.0`)

EXTERNAL SOURCES:
  RobokassaSDK:
    :git: https://github.com/madjios/RobokassaSDK.git
    :tag: 1.0.0

CHECKOUT OPTIONS:
  RobokassaSDK:
    :git: https://github.com/madjios/RobokassaSDK.git
    :tag: 1.0.0

SPEC CHECKSUMS:
  RobokassaSDK: 9cf2ae997cd1ce8dc3b9c441a5988d867a708b5c

PODFILE CHECKSUM: 616c4a2b6fb4a79b1ec926a4e3adac11c556b879

COCOAPODS: 1.15.2
